
Microsoft Visual Studio Solution File, Format Version 12.00
# Visual Studio Version 16
VisualStudioVersion = 16.0.29926.136
MinimumVisualStudioVersion = 10.0.40219.1
Project("{FAE04EC0-301F-11D3-BF4B-00C04F79EFBC}") = "KimchiBot", "KimchiBot\KimchiBot.csproj", "{C4809E07-D759-4765-A185-E2F8E85F2920}"
EndProject
Global
	GlobalSection(SolutionConfigurationPlatforms) = preSolution
		Debug|Any CPU = Debug|Any CPU
		Release|Any CPU = Release|Any CPU
	EndGlobalSection
	GlobalSection(ProjectConfigurationPlatforms) = postSolution
		{C4809E07-D759-4765-A185-E2F8E85F2920}.Debug|Any CPU.ActiveCfg = Debug|Any CPU
		{C4809E07-D759-4765-A185-E2F8E85F2920}.Debug|Any CPU.Build.0 = Debug|Any CPU
		{C4809E07-D759-4765-A185-E2F8E85F2920}.Release|Any CPU.ActiveCfg = Release|Any CPU
		{C4809E07-D759-4765-A185-E2F8E85F2920}.Release|Any CPU.Build.0 = Release|Any CPU
	EndGlobalSection
	GlobalSection(SolutionProperties) = preSolution
		HideSolutionNode = FALSE
	EndGlobalSection
	GlobalSection(ExtensibilityGlobals) = postSolution
		SolutionGuid = {9B870E80-39C2-484B-9ACC-00B5D351C390}
	EndGlobalSection
EndGlobal
